
Microsoft Visual Studio Solution File, Format Version 12.00
# Visual Studio Version 17
VisualStudioVersion = 17.1.32414.318
MinimumVisualStudioVersion = 10.0.40219.1
Project("{FAE04EC0-301F-11D3-BF4B-00C04F79EFBC}") = "MinimalLibrary.Api", "MinimalLibrary.Api\MinimalLibrary.Api.csproj", "{D0520F06-9487-469C-9DF8-101C8DAFA7AF}"
EndProject
Global
	GlobalSection(SolutionConfigurationPlatforms) = preSolution
		Debug|Any CPU = Debug|Any CPU
		Release|Any CPU = Release|Any CPU
	EndGlobalSection
	GlobalSection(ProjectConfigurationPlatforms) = postSolution
		{D0520F06-9487-469C-9DF8-101C8DAFA7AF}.Debug|Any CPU.ActiveCfg = Debug|Any CPU
		{D0520F06-9487-469C-9DF8-101C8DAFA7AF}.Debug|Any CPU.Build.0 = Debug|Any CPU
		{D0520F06-9487-469C-9DF8-101C8DAFA7AF}.Release|Any CPU.ActiveCfg = Release|Any CPU
		{D0520F06-9487-469C-9DF8-101C8DAFA7AF}.Release|Any CPU.Build.0 = Release|Any CPU
	EndGlobalSection
	GlobalSection(SolutionProperties) = preSolution
		HideSolutionNode = FALSE
	EndGlobalSection
	GlobalSection(ExtensibilityGlobals) = postSolution
		SolutionGuid = {0F5A0005-7759-4C22-A3B1-BEB755E5A151}
	EndGlobalSection
EndGlobal
